schema: '2.0'
stages:
  data_processing:
    cmd: kedro run --pipeline=data_processing
    deps:
    - path: data/01_raw/chile_completo_covid_2020.csv
      hash: md5
      md5: 167029a6363db01df750e57049d799ff
      size: 1659906
    - path: data/01_raw/chile_completo_covid_2021.csv
      hash: md5
      md5: 2dd7aab868dc47bb2636472f2b6f6da4
      size: 2290457
    - path: data/01_raw/chile_completo_covid_2022.csv
      hash: md5
      md5: 0e614dc571305017864ccb7d2dbb995d
      size: 1633348
    - path: src/spaceflights/pipelines/data_processing/
      hash: md5
      md5: 47e0093eca92c7c766354ff1a107cb8c.dir
      size: 79318
      nfiles: 6
    outs:
    - path: data/05_model_input/classification_dataset.csv
      hash: md5
      md5: 164339759325b349452227bdb8b06843
      size: 72230370
    - path: data/05_model_input/regression_dataset.csv
      hash: md5
      md5: b134adf3f1bdbfb4477dc1ad816ed427
      size: 74729800
